# This file was autogenerated by uv via the following command:
#    uv pip compile pyproject.toml -o uv.lock
certifi==2025.1.31
    # via requests
charset-normalizer==3.4.1
    # via requests
idna==3.10
    # via requests
loguru==0.7.3
    # via functions-core-lib (pyproject.toml)
requests==2.32.3
    # via stripe
stripe==11.6.0
    # via functions-core-lib (pyproject.toml)
typing-extensions==4.12.2
    # via stripe
urllib3==2.3.0
    # via requests
